
Microsoft Visual Studio Solution File, Format Version 12.00
# Visual Studio Version 17
VisualStudioVersion = 17.8.34408.163
MinimumVisualStudioVersion = 10.0.40219.1
Project("{F184B08F-C81C-45F6-A57F-5ABD9991F28F}") = "6.intro toVB", "6.intro toVB.vbproj", "{E282C258-C537-4EF2-8E77-06FA60FB5EE1}"
EndProject
Global
	GlobalSection(SolutionConfigurationPlatforms) = preSolution
		Debug|Any CPU = Debug|Any CPU
		Release|Any CPU = Release|Any CPU
	EndGlobalSection
	GlobalSection(ProjectConfigurationPlatforms) = postSolution
		{E282C258-C537-4EF2-8E77-06FA60FB5EE1}.Debug|Any CPU.ActiveCfg = Debug|Any CPU
		{E282C258-C537-4EF2-8E77-06FA60FB5EE1}.Debug|Any CPU.Build.0 = Debug|Any CPU
		{E282C258-C537-4EF2-8E77-06FA60FB5EE1}.Release|Any CPU.ActiveCfg = Release|Any CPU
		{E282C258-C537-4EF2-8E77-06FA60FB5EE1}.Release|Any CPU.Build.0 = Release|Any CPU
	EndGlobalSection
	GlobalSection(SolutionProperties) = preSolution
		HideSolutionNode = FALSE
	EndGlobalSection
	GlobalSection(ExtensibilityGlobals) = postSolution
		SolutionGuid = {B3DA5A49-9929-4520-9DCC-CCC524901944}
	EndGlobalSection
EndGlobal
